github.com/luowensheng/capy v0.20.1-0.20260529061856-5102decfe5d0 h1:Ll0JsbtdduuJrHlFCOiH32zqYGuufyyvAxKmamVpgfU=
github.com/luowensheng/capy v0.20.1-0.20260529061856-5102decfe5d0/go.mod h1:ZJGRdwxlHVB46WM4XE9RH9qqUF/6TjohjbrvyQYYSqo=
github.com/luowensheng/capy v0.20.1-0.20260529070419-ac128fb805b7 h1:agmKcGPpmFtUb6R+kX8VWvSRkBoCJxaFc7sWzd9WuhQ=
github.com/luowensheng/capy v0.20.1-0.20260529070419-ac128fb805b7/go.mod h1:ZJGRdwxlHVB46WM4XE9RH9qqUF/6TjohjbrvyQYYSqo=
github.com/tetratelabs/wazero v1.11.0 h1:+gKemEuKCTevU4d7ZTzlsvgd1uaToIDtlQlmNbwqYhA=
github.com/tetratelabs/wazero v1.11.0/go.mod h1:eV28rsN8Q+xwjogd7f4/Pp4xFxO7uOGbLcD/LzB1wiU=
golang.org/x/sys v0.38.0 h1:3yZWxaJjBmCWXqhN1qh02AkOnCQ1poK6oF+a7xWL6Gc=
golang.org/x/sys v0.38.0/go.mod h1:OgkHotnGiDImocRcuBABYBEXf8A9a87e/uXjp9XT3ks=
